// !$*UTF8*$!
{
	archiveVersion = 1;
	classes = {
	};
	objectVersion = 50;
	objects = {

/* Begin PBXBuildFile section */
		322829F020FE80340008B473 /* TaskObject.m in Sources */ = {isa = PBXBuildFile; fileRef = 322829EE20FE80340008B473 /* TaskObject.m */; };
		322829F420FE806A0008B473 /* Tasks.m in Sources */ = {isa = PBXBuildFile; fileRef = 322829F320FE806A0008B473 /* Tasks.m */; };
		62315F4E20FCB71A00064530 /* CoreDataManager.m in Sources */ = {isa = PBXBuildFile; fileRef = 62315F4D20FCB71A00064530 /* CoreDataManager.m */; };
		62315F5220FCB7A500064530 /* ManagerLayerForCoreDataAndSQLite.m in Sources */ = {isa = PBXBuildFile; fileRef = 62315F5120FCB7A500064530 /* ManagerLayerForCoreDataAndSQLite.m */; };
		628F648B20F3438800C28BA1 /* AppDelegate.m in Sources */ = {isa = PBXBuildFile; fileRef = 628F648A20F3438800C28BA1 /* AppDelegate.m */; };
		628F648E20F3438800C28BA1 /* ViewController.m in Sources */ = {isa = PBXBuildFile; fileRef = 628F648D20F3438800C28BA1 /* ViewController.m */; };
		628F649120F3438800C28BA1 /* Main.storyboard in Resources */ = {isa = PBXBuildFile; fileRef = 628F648F20F3438800C28BA1 /* Main.storyboard */; };
		628F649320F3438900C28BA1 /* Assets.xcassets in Resources */ = {isa = PBXBuildFile; fileRef = 628F649220F3438900C28BA1 /* Assets.xcassets */; };
		628F649620F3438900C28BA1 /* LaunchScreen.storyboard in Resources */ = {isa = PBXBuildFile; fileRef = 628F649420F3438900C28BA1 /* LaunchScreen.storyboard */; };
		628F649920F3438900C28BA1 /* main.m in Sources */ = {isa = PBXBuildFile; fileRef = 628F649820F3438900C28BA1 /* main.m */; };
		628F64A120F343CD00C28BA1 /* libsqlite3.tbd in Frameworks */ = {isa = PBXBuildFile; fileRef = 628F64A020F343CD00C28BA1 /* libsqlite3.tbd */; };
		628F64A420F3440000C28BA1 /* DBManager.m in Sources */ = {isa = PBXBuildFile; fileRef = 628F64A320F3440000C28BA1 /* DBManager.m */; };
		628F64AC20F3712C00C28BA1 /* EditIInfoViewController.m in Sources */ = {isa = PBXBuildFile; fileRef = 628F64AB20F3712C00C28BA1 /* EditIInfoViewController.m */; };
		628F64B920F4BE6400C28BA1 /* CustomCell.m in Sources */ = {isa = PBXBuildFile; fileRef = 628F64B820F4BE6400C28BA1 /* CustomCell.m */; };
		628F64BB20F4F2F400C28BA1 /* tasksDB.db in Resources */ = {isa = PBXBuildFile; fileRef = 628F64BA20F4F2F400C28BA1 /* tasksDB.db */; };
		628F64C920F6188000C28BA1 /* PopUpViewController.m in Sources */ = {isa = PBXBuildFile; fileRef = 628F64C820F6188000C28BA1 /* PopUpViewController.m */; };
		62FF994E20FC93F80038F931 /* CoreData.framework in Frameworks */ = {isa = PBXBuildFile; fileRef = 62FF994D20FC93F80038F931 /* CoreData.framework */; };
		62FF995120FC94330038F931 /* CoreDataTest.xcdatamodeld in Sources */ = {isa = PBXBuildFile; fileRef = 62FF994F20FC94330038F931 /* CoreDataTest.xcdatamodeld */; };
/* End PBXBuildFile section */

/* Begin PBXFileReference section */
		322829EE20FE80340008B473 /* TaskObject.m */ = {isa = PBXFileReference; fileEncoding = 4; lastKnownFileType = sourcecode.c.objc; path = TaskObject.m; sourceTree = "<group>"; };
		322829EF20FE80340008B473 /* TaskObject.h */ = {isa = PBXFileReference; fileEncoding = 4; lastKnownFileType = sourcecode.c.h; path = TaskObject.h; sourceTree = "<group>"; };
		322829F220FE806A0008B473 /* Tasks.h */ = {isa = PBXFileReference; fileEncoding = 4; lastKnownFileType = sourcecode.c.h; path = Tasks.h; sourceTree = "<group>"; };
		322829F320FE806A0008B473 /* Tasks.m */ = {isa = PBXFileReference; fileEncoding = 4; lastKnownFileType = sourcecode.c.objc; path = Tasks.m; sourceTree = "<group>"; };
		62315F4C20FCB71A00064530 /* CoreDataManager.h */ = {isa = PBXFileReference; lastKnownFileType = sourcecode.c.h; path = CoreDataManager.h; sourceTree = "<group>"; };
		62315F4D20FCB71A00064530 /* CoreDataManager.m */ = {isa = PBXFileReference; lastKnownFileType = sourcecode.c.objc; path = CoreDataManager.m; sourceTree = "<group>"; };
		62315F5020FCB7A500064530 /* ManagerLayerForCoreDataAndSQLite.h */ = {isa = PBXFileReference; lastKnownFileType = sourcecode.c.h; path = ManagerLayerForCoreDataAndSQLite.h; sourceTree = "<group>"; };
		62315F5120FCB7A500064530 /* ManagerLayerForCoreDataAndSQLite.m */ = {isa = PBXFileReference; lastKnownFileType = sourcecode.c.objc; path = ManagerLayerForCoreDataAndSQLite.m; sourceTree = "<group>"; };
		628F648620F3438800C28BA1 /* DataBaseTask.app */ = {isa = PBXFileReference; explicitFileType = wrapper.application; includeInIndex = 0; path = DataBaseTask.app; sourceTree = BUILT_PRODUCTS_DIR; };
		628F648920F3438800C28BA1 /* AppDelegate.h */ = {isa = PBXFileReference; lastKnownFileType = sourcecode.c.h; path = AppDelegate.h; sourceTree = "<group>"; };
		628F648A20F3438800C28BA1 /* AppDelegate.m */ = {isa = PBXFileReference; lastKnownFileType = sourcecode.c.objc; path = AppDelegate.m; sourceTree = "<group>"; };
		628F648C20F3438800C28BA1 /* ViewController.h */ = {isa = PBXFileReference; lastKnownFileType = sourcecode.c.h; path = ViewController.h; sourceTree = "<group>"; };
		628F648D20F3438800C28BA1 /* ViewController.m */ = {isa = PBXFileReference; lastKnownFileType = sourcecode.c.objc; path = ViewController.m; sourceTree = "<group>"; };
		628F649020F3438800C28BA1 /* Base */ = {isa = PBXFileReference; lastKnownFileType = file.storyboard; name = Base; path = Base.lproj/Main.storyboard; sourceTree = "<group>"; };
		628F649220F3438900C28BA1 /* Assets.xcassets */ = {isa = PBXFileReference; lastKnownFileType = folder.assetcatalog; path = Assets.xcassets; sourceTree = "<group>"; };
		628F649520F3438900C28BA1 /* Base */ = {isa = PBXFileReference; lastKnownFileType = file.storyboard; name = Base; path = Base.lproj/LaunchScreen.storyboard; sourceTree = "<group>"; };
		628F649720F3438900C28BA1 /* Info.plist */ = {isa = PBXFileReference; lastKnownFileType = text.plist.xml; path = Info.plist; sourceTree = "<group>"; };
		628F649820F3438900C28BA1 /* main.m */ = {isa = PBXFileReference; lastKnownFileType = sourcecode.c.objc; path = main.m; sourceTree = "<group>"; };
		628F64A020F343CD00C28BA1 /* libsqlite3.tbd */ = {isa = PBXFileReference; lastKnownFileType = "sourcecode.text-based-dylib-definition"; name = libsqlite3.tbd; path = usr/lib/libsqlite3.tbd; sourceTree = SDKROOT; };
		628F64A220F3440000C28BA1 /* DBManager.h */ = {isa = PBXFileReference; lastKnownFileType = sourcecode.c.h; path = DBManager.h; sourceTree = "<group>"; };
		628F64A320F3440000C28BA1 /* DBManager.m */ = {isa = PBXFileReference; lastKnownFileType = sourcecode.c.objc; path = DBManager.m; sourceTree = "<group>"; };
		628F64AA20F3712C00C28BA1 /* EditIInfoViewController.h */ = {isa = PBXFileReference; lastKnownFileType = sourcecode.c.h; path = EditIInfoViewController.h; sourceTree = "<group>"; };
		628F64AB20F3712C00C28BA1 /* EditIInfoViewController.m */ = {isa = PBXFileReference; lastKnownFileType = sourcecode.c.objc; path = EditIInfoViewController.m; sourceTree = "<group>"; };
		628F64B720F4BE6400C28BA1 /* CustomCell.h */ = {isa = PBXFileReference; lastKnownFileType = sourcecode.c.h; path = CustomCell.h; sourceTree = "<group>"; };
		628F64B820F4BE6400C28BA1 /* CustomCell.m */ = {isa = PBXFileReference; lastKnownFileType = sourcecode.c.objc; path = CustomCell.m; sourceTree = "<group>"; };
		628F64BA20F4F2F400C28BA1 /* tasksDB.db */ = {isa = PBXFileReference; lastKnownFileType = file; path = tasksDB.db; sourceTree = "<group>"; };
		628F64C720F6188000C28BA1 /* PopUpViewController.h */ = {isa = PBXFileReference; lastKnownFileType = sourcecode.c.h; path = PopUpViewController.h; sourceTree = "<group>"; };
		628F64C820F6188000C28BA1 /* PopUpViewController.m */ = {isa = PBXFileReference; lastKnownFileType = sourcecode.c.objc; path = PopUpViewController.m; sourceTree = "<group>"; };
		62FF994D20FC93F80038F931 /* CoreData.framework */ = {isa = PBXFileReference; lastKnownFileType = wrapper.framework; name = CoreData.framework; path = System/Library/Frameworks/CoreData.framework; sourceTree = SDKROOT; };
		62FF995020FC94330038F931 /* taskModel.xcdatamodel */ = {isa = PBXFileReference; lastKnownFileType = wrapper.xcdatamodel; path = taskModel.xcdatamodel; sourceTree = "<group>"; };
/* End PBXFileReference section */

/* Begin PBXFrameworksBuildPhase section */
		628F648320F3438800C28BA1 /* Frameworks */ = {
			isa = PBXFrameworksBuildPhase;
			buildActionMask = 2147483647;
			files = (
				62FF994E20FC93F80038F931 /* CoreData.framework in Frameworks */,
				628F64A120F343CD00C28BA1 /* libsqlite3.tbd in Frameworks */,
			);
			runOnlyForDeploymentPostprocessing = 0;
		};
/* End PBXFrameworksBuildPhase section */

/* Begin PBXGroup section */
		322829ED20FE80340008B473 /* ObjectWithData */ = {
			isa = PBXGroup;
			children = (
				322829EF20FE80340008B473 /* TaskObject.h */,
				322829EE20FE80340008B473 /* TaskObject.m */,
			);
			path = ObjectWithData;
			sourceTree = "<group>";
		};
		322829F120FE806A0008B473 /* CoreDataObjectModels */ = {
			isa = PBXGroup;
			children = (
				322829F220FE806A0008B473 /* Tasks.h */,
				322829F320FE806A0008B473 /* Tasks.m */,
			);
			path = CoreDataObjectModels;
			sourceTree = "<group>";
		};
		322829F520FE81230008B473 /* CustomCell */ = {
			isa = PBXGroup;
			children = (
				628F64B720F4BE6400C28BA1 /* CustomCell.h */,
				628F64B820F4BE6400C28BA1 /* CustomCell.m */,
			);
			path = CustomCell;
			sourceTree = "<group>";
		};
		62315F4F20FCB73800064530 /* CoreDataManager */ = {
			isa = PBXGroup;
			children = (
				62315F4C20FCB71A00064530 /* CoreDataManager.h */,
				62315F4D20FCB71A00064530 /* CoreDataManager.m */,
				322829F120FE806A0008B473 /* CoreDataObjectModels */,
				322829ED20FE80340008B473 /* ObjectWithData */,
			);
			path = CoreDataManager;
			sourceTree = "<group>";
		};
		62315F5320FCB7AB00064530 /* Manager */ = {
			isa = PBXGroup;
			children = (
				62315F5020FCB7A500064530 /* ManagerLayerForCoreDataAndSQLite.h */,
				62315F5120FCB7A500064530 /* ManagerLayerForCoreDataAndSQLite.m */,
				628F64AE20F39F1100C28BA1 /* DataBaseManager */,
				62315F4F20FCB73800064530 /* CoreDataManager */,
			);
			path = Manager;
			sourceTree = "<group>";
		};
		628F647D20F3438800C28BA1 = {
			isa = PBXGroup;
			children = (
				628F648820F3438800C28BA1 /* DataBaseTask */,
				628F648720F3438800C28BA1 /* Products */,
				628F649F20F343CC00C28BA1 /* Frameworks */,
			);
			sourceTree = "<group>";
		};
		628F648720F3438800C28BA1 /* Products */ = {
			isa = PBXGroup;
			children = (
				628F648620F3438800C28BA1 /* DataBaseTask.app */,
			);
			name = Products;
			sourceTree = "<group>";
		};
		628F648820F3438800C28BA1 /* DataBaseTask */ = {
			isa = PBXGroup;
			children = (
				628F648920F3438800C28BA1 /* AppDelegate.h */,
				628F648A20F3438800C28BA1 /* AppDelegate.m */,
				628F64AD20F39EF000C28BA1 /* Controllers */,
				322829F520FE81230008B473 /* CustomCell */,
				62315F5320FCB7AB00064530 /* Manager */,
				628F648F20F3438800C28BA1 /* Main.storyboard */,
				628F649220F3438900C28BA1 /* Assets.xcassets */,
				62FF994F20FC94330038F931 /* CoreDataTest.xcdatamodeld */,
				628F64BA20F4F2F400C28BA1 /* tasksDB.db */,
				628F649420F3438900C28BA1 /* LaunchScreen.storyboard */,
				628F649720F3438900C28BA1 /* Info.plist */,
				628F649820F3438900C28BA1 /* main.m */,
			);
			path = DataBaseTask;
			sourceTree = "<group>";
		};
		628F649F20F343CC00C28BA1 /* Frameworks */ = {
			isa = PBXGroup;
			children = (
				62FF994D20FC93F80038F931 /* CoreData.framework */,
				628F64A020F343CD00C28BA1 /* libsqlite3.tbd */,
			);
			name = Frameworks;
			sourceTree = "<group>";
		};
		628F64AD20F39EF000C28BA1 /* Controllers */ = {
			isa = PBXGroup;
			children = (
				628F64CA20F7662F00C28BA1 /* ViewController(With TableView) */,
				628F64CB20F7665800C28BA1 /* EditInfoViewController */,
				628F64CC20F7666700C28BA1 /* PopUpViewController */,
			);
			path = Controllers;
			sourceTree = "<group>";
		};
		628F64AE20F39F1100C28BA1 /* DataBaseManager */ = {
			isa = PBXGroup;
			children = (
				628F64A220F3440000C28BA1 /* DBManager.h */,
				628F64A320F3440000C28BA1 /* DBManager.m */,
			);
			path = DataBaseManager;
			sourceTree = "<group>";
		};
		628F64CA20F7662F00C28BA1 /* ViewController(With TableView) */ = {
			isa = PBXGroup;
			children = (
				628F648C20F3438800C28BA1 /* ViewController.h */,
				628F648D20F3438800C28BA1 /* ViewController.m */,
			);
			path = "ViewController(With TableView)";
			sourceTree = "<group>";
		};
		628F64CB20F7665800C28BA1 /* EditInfoViewController */ = {
			isa = PBXGroup;
			children = (
				628F64AA20F3712C00C28BA1 /* EditIInfoViewController.h */,
				628F64AB20F3712C00C28BA1 /* EditIInfoViewController.m */,
			);
			path = EditInfoViewController;
			sourceTree = "<group>";
		};
		628F64CC20F7666700C28BA1 /* PopUpViewController */ = {
			isa = PBXGroup;
			children = (
				628F64C720F6188000C28BA1 /* PopUpViewController.h */,
				628F64C820F6188000C28BA1 /* PopUpViewController.m */,
			);
			path = PopUpViewController;
			sourceTree = "<group>";
		};
/* End PBXGroup section */

/* Begin PBXNativeTarget section */
		628F648520F3438800C28BA1 /* DataBaseTask */ = {
			isa = PBXNativeTarget;
			buildConfigurationList = 628F649C20F3438900C28BA1 /* Build configuration list for PBXNativeTarget "DataBaseTask" */;
			buildPhases = (
				628F648220F3438800C28BA1 /* Sources */,
				628F648320F3438800C28BA1 /* Frameworks */,
				628F648420F3438800C28BA1 /* Resources */,
			);
			buildRules = (
			);
			dependencies = (
			);
			name = DataBaseTask;
			productName = DataBaseTask;
			productReference = 628F648620F3438800C28BA1 /* DataBaseTask.app */;
			productType = "com.apple.product-type.application";
		};
/* End PBXNativeTarget section */

/* Begin PBXProject section */
		628F647E20F3438800C28BA1 /* Project object */ = {
			isa = PBXProject;
			attributes = {
				LastUpgradeCheck = 0940;
				ORGANIZATIONNAME = "Dzmitry Tarelkin";
				TargetAttributes = {
					628F648520F3438800C28BA1 = {
						CreatedOnToolsVersion = 9.4.1;
						LastSwiftMigration = 0940;
					};
				};
			};
			buildConfigurationList = 628F648120F3438800C28BA1 /* Build configuration list for PBXProject "DataBaseTask" */;
			compatibilityVersion = "Xcode 9.3";
			developmentRegion = en;
			hasScannedForEncodings = 0;
			knownRegions = (
				en,
				Base,
			);
			mainGroup = 628F647D20F3438800C28BA1;
			productRefGroup = 628F648720F3438800C28BA1 /* Products */;
			projectDirPath = "";
			projectRoot = "";
			targets = (
				628F648520F3438800C28BA1 /* DataBaseTask */,
			);
		};
/* End PBXProject section */

/* Begin PBXResourcesBuildPhase section */
		628F648420F3438800C28BA1 /* Resources */ = {
			isa = PBXResourcesBuildPhase;
			buildActionMask = 2147483647;
			files = (
				628F649620F3438900C28BA1 /* LaunchScreen.storyboard in Resources */,
				628F649320F3438900C28BA1 /* Assets.xcassets in Resources */,
				628F649120F3438800C28BA1 /* Main.storyboard in Resources */,
				628F64BB20F4F2F400C28BA1 /* tasksDB.db in Resources */,
			);
			runOnlyForDeploymentPostprocessing = 0;
		};
/* End PBXResourcesBuildPhase section */

/* Begin PBXSourcesBuildPhase section */
		628F648220F3438800C28BA1 /* Sources */ = {
			isa = PBXSourcesBuildPhase;
			buildActionMask = 2147483647;
			files = (
				322829F420FE806A0008B473 /* Tasks.m in Sources */,
				62315F5220FCB7A500064530 /* ManagerLayerForCoreDataAndSQLite.m in Sources */,
				628F64AC20F3712C00C28BA1 /* EditIInfoViewController.m in Sources */,
				628F648E20F3438800C28BA1 /* ViewController.m in Sources */,
				62FF995120FC94330038F931 /* CoreDataTest.xcdatamodeld in Sources */,
				62315F4E20FCB71A00064530 /* CoreDataManager.m in Sources */,
				628F64B920F4BE6400C28BA1 /* CustomCell.m in Sources */,
				628F64C920F6188000C28BA1 /* PopUpViewController.m in Sources */,
				628F649920F3438900C28BA1 /* main.m in Sources */,
				628F648B20F3438800C28BA1 /* AppDelegate.m in Sources */,
				628F64A420F3440000C28BA1 /* DBManager.m in Sources */,
				322829F020FE80340008B473 /* TaskObject.m in Sources */,
			);
			runOnlyForDeploymentPostprocessing = 0;
		};
/* End PBXSourcesBuildPhase section */

/* Begin PBXVariantGroup section */
		628F648F20F3438800C28BA1 /* Main.storyboard */ = {
			isa = PBXVariantGroup;
			children = (
				628F649020F3438800C28BA1 /* Base */,
			);
			name = Main.storyboard;
			sourceTree = "<group>";
		};
		628F649420F3438900C28BA1 /* LaunchScreen.storyboard */ = {
			isa = PBXVariantGroup;
			children = (
				628F649520F3438900C28BA1 /* Base */,
			);
			name = LaunchScreen.storyboard;
			sourceTree = "<group>";
		};
/* End PBXVariantGroup section */

/* Begin XCBuildConfiguration section */
		628F649A20F3438900C28BA1 /* Debug */ = {
			isa = XCBuildConfiguration;
			buildSettings = {
				ALWAYS_SEARCH_USER_PATHS = NO;
				CLANG_ANALYZER_NONNULL = YES;
				CLANG_ANALYZER_NUMBER_OBJECT_CONVERSION = YES_AGGRESSIVE;
				CLANG_CXX_LANGUAGE_STANDARD = "gnu++14";
				CLANG_CXX_LIBRARY = "libc++";
				CLANG_ENABLE_MODULES = YES;
				CLANG_ENABLE_OBJC_ARC = YES;
				CLANG_ENABLE_OBJC_WEAK = YES;
				CLANG_WARN_BLOCK_CAPTURE_AUTORELEASING = YES;
				CLANG_WARN_BOOL_CONVERSION = YES;
				CLANG_WARN_COMMA = YES;
				CLANG_WARN_CONSTANT_CONVERSION = YES;
				CLANG_WARN_DEPRECATED_OBJC_IMPLEMENTATIONS = YES;
				CLANG_WARN_DIRECT_OBJC_ISA_USAGE = YES_ERROR;
				CLANG_WARN_DOCUMENTATION_COMMENTS = YES;
				CLANG_WARN_EMPTY_BODY = YES;
				CLANG_WARN_ENUM_CONVERSION = YES;
				CLANG_WARN_INFINITE_RECURSION = YES;
				CLANG_WARN_INT_CONVERSION = YES;
				CLANG_WARN_NON_LITERAL_NULL_CONVERSION = YES;
				CLANG_WARN_OBJC_IMPLICIT_RETAIN_SELF = YES;
				CLANG_WARN_OBJC_LITERAL_CONVERSION = YES;
				CLANG_WARN_OBJC_ROOT_CLASS = YES_ERROR;
				CLANG_WARN_RANGE_LOOP_ANALYSIS = YES;
				CLANG_WARN_STRICT_PROTOTYPES = YES;
				CLANG_WARN_SUSPICIOUS_MOVE = YES;
				CLANG_WARN_UNGUARDED_AVAILABILITY = YES_AGGRESSIVE;
				CLANG_WARN_UNREACHABLE_CODE = YES;
				CLANG_WARN__DUPLICATE_METHOD_MATCH = YES;
				CODE_SIGN_IDENTITY = "iPhone Developer";
				COPY_PHASE_STRIP = NO;
				DEBUG_INFORMATION_FORMAT = dwarf;
				ENABLE_STRICT_OBJC_MSGSEND = YES;
				ENABLE_TESTABILITY = YES;
				GCC_C_LANGUAGE_STANDARD = gnu11;
				GCC_DYNAMIC_NO_PIC = NO;
				GCC_NO_COMMON_BLOCKS = YES;
				GCC_OPTIMIZATION_LEVEL = 0;
				GCC_PREPROCESSOR_DEFINITIONS = (
					"DEBUG=1",
					"$(inherited)",
				);
				GCC_WARN_64_TO_32_BIT_CONVERSION = YES;
				GCC_WARN_ABOUT_RETURN_TYPE = YES_ERROR;
				GCC_WARN_UNDECLARED_SELECTOR = YES;
				GCC_WARN_UNINITIALIZED_AUTOS = YES_AGGRESSIVE;
				GCC_WARN_UNUSED_FUNCTION = YES;
				GCC_WARN_UNUSED_VARIABLE = YES;
				IPHONEOS_DEPLOYMENT_TARGET = 11.4;
				MTL_ENABLE_DEBUG_INFO = YES;
				ONLY_ACTIVE_ARCH = YES;
				SDKROOT = iphoneos;
			};
			name = Debug;
		};
		628F649B20F3438900C28BA1 /* Release */ = {
			isa = XCBuildConfiguration;
			buildSettings = {
				ALWAYS_SEARCH_USER_PATHS = NO;
				CLANG_ANALYZER_NONNULL = YES;
				CLANG_ANALYZER_NUMBER_OBJECT_CONVERSION = YES_AGGRESSIVE;
				CLANG_CXX_LANGUAGE_STANDARD = "gnu++14";
				CLANG_CXX_LIBRARY = "libc++";
				CLANG_ENABLE_MODULES = YES;
				CLANG_ENABLE_OBJC_ARC = YES;
				CLANG_ENABLE_OBJC_WEAK = YES;
				CLANG_WARN_BLOCK_CAPTURE_AUTORELEASING = YES;
				CLANG_WARN_BOOL_CONVERSION = YES;
				CLANG_WARN_COMMA = YES;
				CLANG_WARN_CONSTANT_CONVERSION = YES;
				CLANG_WARN_DEPRECATED_OBJC_IMPLEMENTATIONS = YES;
				CLANG_WARN_DIRECT_OBJC_ISA_USAGE = YES_ERROR;
				CLANG_WARN_DOCUMENTATION_COMMENTS = YES;
				CLANG_WARN_EMPTY_BODY = YES;
				CLANG_WARN_ENUM_CONVERSION = YES;
				CLANG_WARN_INFINITE_RECURSION = YES;
				CLANG_WARN_INT_CONVERSION = YES;
				CLANG_WARN_NON_LITERAL_NULL_CONVERSION = YES;
				CLANG_WARN_OBJC_IMPLICIT_RETAIN_SELF = YES;
				CLANG_WARN_OBJC_LITERAL_CONVERSION = YES;
				CLANG_WARN_OBJC_ROOT_CLASS = YES_ERROR;
				CLANG_WARN_RANGE_LOOP_ANALYSIS = YES;
				CLANG_WARN_STRICT_PROTOTYPES = YES;
				CLANG_WARN_SUSPICIOUS_MOVE = YES;
				CLANG_WARN_UNGUARDED_AVAILABILITY = YES_AGGRESSIVE;
				CLANG_WARN_UNREACHABLE_CODE = YES;
				CLANG_WARN__DUPLICATE_METHOD_MATCH = YES;
				CODE_SIGN_IDENTITY = "iPhone Developer";
				COPY_PHASE_STRIP = NO;
				DEBUG_INFORMATION_FORMAT = "dwarf-with-dsym";
				ENABLE_NS_ASSERTIONS = NO;
				ENABLE_STRICT_OBJC_MSGSEND = YES;
				GCC_C_LANGUAGE_STANDARD = gnu11;
				GCC_NO_COMMON_BLOCKS = YES;
				GCC_WARN_64_TO_32_BIT_CONVERSION = YES;
				GCC_WARN_ABOUT_RETURN_TYPE = YES_ERROR;
				GCC_WARN_UNDECLARED_SELECTOR = YES;
				GCC_WARN_UNINITIALIZED_AUTOS = YES_AGGRESSIVE;
				GCC_WARN_UNUSED_FUNCTION = YES;
				GCC_WARN_UNUSED_VARIABLE = YES;
				IPHONEOS_DEPLOYMENT_TARGET = 11.4;
				MTL_ENABLE_DEBUG_INFO = NO;
				SDKROOT = iphoneos;
				VALIDATE_PRODUCT = YES;
			};
			name = Release;
		};
		628F649D20F3438900C28BA1 /* Debug */ = {
			isa = XCBuildConfiguration;
			buildSettings = {
				ASSETCATALOG_COMPILER_APPICON_NAME = AppIcon;
				CLANG_ENABLE_MODULES = YES;
				CODE_SIGN_STYLE = Automatic;
				DEVELOPMENT_TEAM = 29ALX3W56Z;
				INFOPLIST_FILE = DataBaseTask/Info.plist;
				LD_RUNPATH_SEARCH_PATHS = (
					"$(inherited)",
					"@executable_path/Frameworks",
				);
				PRODUCT_BUNDLE_IDENTIFIER = Dmitry.Tarelkin1234567.DataBaseTask;
				PRODUCT_NAME = "$(TARGET_NAME)";
				SWIFT_OBJC_BRIDGING_HEADER = "DataBaseTask/DataBaseTask-Bridging-Header.h";
				SWIFT_OPTIMIZATION_LEVEL = "-Onone";
				SWIFT_VERSION = 3.0;
				TARGETED_DEVICE_FAMILY = "1,2";
			};
			name = Debug;
		};
		628F649E20F3438900C28BA1 /* Release */ = {
			isa = XCBuildConfiguration;
			buildSettings = {
				ASSETCATALOG_COMPILER_APPICON_NAME = AppIcon;
				CLANG_ENABLE_MODULES = YES;
				CODE_SIGN_STYLE = Automatic;
				DEVELOPMENT_TEAM = 29ALX3W56Z;
				INFOPLIST_FILE = DataBaseTask/Info.plist;
				LD_RUNPATH_SEARCH_PATHS = (
					"$(inherited)",
					"@executable_path/Frameworks",
				);
				PRODUCT_BUNDLE_IDENTIFIER = Dmitry.Tarelkin1234567.DataBaseTask;
				PRODUCT_NAME = "$(TARGET_NAME)";
				SWIFT_OBJC_BRIDGING_HEADER = "DataBaseTask/DataBaseTask-Bridging-Header.h";
				SWIFT_VERSION = 3.0;
				TARGETED_DEVICE_FAMILY = "1,2";
			};
			name = Release;
		};
/* End XCBuildConfiguration section */

/* Begin XCConfigurationList section */
		628F648120F3438800C28BA1 /* Build configuration list for PBXProject "DataBaseTask" */ = {
			isa = XCConfigurationList;
			buildConfigurations = (
				628F649A20F3438900C28BA1 /* Debug */,
				628F649B20F3438900C28BA1 /* Release */,
			);
			defaultConfigurationIsVisible = 0;
			defaultConfigurationName = Release;
		};
		628F649C20F3438900C28BA1 /* Build configuration list for PBXNativeTarget "DataBaseTask" */ = {
			isa = XCConfigurationList;
			buildConfigurations = (
				628F649D20F3438900C28BA1 /* Debug */,
				628F649E20F3438900C28BA1 /* Release */,
			);
			defaultConfigurationIsVisible = 0;
			defaultConfigurationName = Release;
		};
/* End XCConfigurationList section */

/* Begin XCVersionGroup section */
		62FF994F20FC94330038F931 /* CoreDataTest.xcdatamodeld */ = {
			isa = XCVersionGroup;
			children = (
				62FF995020FC94330038F931 /* taskModel.xcdatamodel */,
			);
			currentVersion = 62FF995020FC94330038F931 /* taskModel.xcdatamodel */;
			path = CoreDataTest.xcdatamodeld;
			sourceTree = "<group>";
			versionGroupType = wrapper.xcdatamodel;
		};
/* End XCVersionGroup section */
	};
	rootObject = 628F647E20F3438800C28BA1 /* Project object */;
}
